
Microsoft Visual Studio Solution File, Format Version 12.00
# Visual Studio Version 17
VisualStudioVersion = 17.5.002.0
MinimumVisualStudioVersion = 10.0.40219.1
Project("{9A19103F-16F7-4668-BE54-9A1E7A4F7556}") = "MyPets", "MyPets.csproj", "{1D24B26E-EF36-4692-B8A1-C5F9C66056CD}"
EndProject
Global
	GlobalSection(SolutionConfigurationPlatforms) = preSolution
		Debug|Any CPU = Debug|Any CPU
		Release|Any CPU = Release|Any CPU
	EndGlobalSection
	GlobalSection(ProjectConfigurationPlatforms) = postSolution
		{1D24B26E-EF36-4692-B8A1-C5F9C66056CD}.Debug|Any CPU.ActiveCfg = Debug|Any CPU
		{1D24B26E-EF36-4692-B8A1-C5F9C66056CD}.Debug|Any CPU.Build.0 = Debug|Any CPU
		{1D24B26E-EF36-4692-B8A1-C5F9C66056CD}.Release|Any CPU.ActiveCfg = Release|Any CPU
		{1D24B26E-EF36-4692-B8A1-C5F9C66056CD}.Release|Any CPU.Build.0 = Release|Any CPU
	EndGlobalSection
	GlobalSection(SolutionProperties) = preSolution
		HideSolutionNode = FALSE
	EndGlobalSection
	GlobalSection(ExtensibilityGlobals) = postSolution
		SolutionGuid = {BB415799-C70F-4D8E-A934-D1ADCDDEABC4}
	EndGlobalSection
EndGlobal
